
Microsoft Visual Studio Solution File, Format Version 12.00
# Visual Studio Version 16
VisualStudioVersion = 16.0.31025.194
MinimumVisualStudioVersion = 10.0.40219.1
Project("{FAE04EC0-301F-11D3-BF4B-00C04F79EFBC}") = "ClassMetotDemo", "ClassMetotDemo\ClassMetotDemo.csproj", "{43DF379B-A87E-43AA-8A5C-FC1ACDCE3522}"
EndProject
Global
	GlobalSection(SolutionConfigurationPlatforms) = preSolution
		Debug|Any CPU = Debug|Any CPU
		Release|Any CPU = Release|Any CPU
	EndGlobalSection
	GlobalSection(ProjectConfigurationPlatforms) = postSolution
		{43DF379B-A87E-43AA-8A5C-FC1ACDCE3522}.Debug|Any CPU.ActiveCfg = Debug|Any CPU
		{43DF379B-A87E-43AA-8A5C-FC1ACDCE3522}.Debug|Any CPU.Build.0 = Debug|Any CPU
		{43DF379B-A87E-43AA-8A5C-FC1ACDCE3522}.Release|Any CPU.ActiveCfg = Release|Any CPU
		{43DF379B-A87E-43AA-8A5C-FC1ACDCE3522}.Release|Any CPU.Build.0 = Release|Any CPU
	EndGlobalSection
	GlobalSection(SolutionProperties) = preSolution
		HideSolutionNode = FALSE
	EndGlobalSection
	GlobalSection(ExtensibilityGlobals) = postSolution
		SolutionGuid = {719412B1-CF67-4492-BE5B-43823A98873B}
	EndGlobalSection
EndGlobal
